{
    "name": "finalize",
    "version": "1.0.3",
    "lockfileVersion": 2,
    "requires": true,
    "packages": {
        "": {
            "name": "finalize",
            "version": "1.0.3",
            "license": "BSD-2-Clause",
            "dependencies": {
                "weak-napi": "^2.0.2"
            }
        },
        "node_modules/get-symbol-from-current-process-h": {
            "version": "1.0.2",
            "resolved": "https://registry.npmjs.org/get-symbol-from-current-process-h/-/get-symbol-from-current-process-h-1.0.2.tgz",
            "integrity": "sha512-syloC6fsCt62ELLrr1VKBM1ggOpMdetX9hTrdW77UQdcApPHLmf7CI7OKcN1c9kYuNxKcDe4iJ4FY9sX3aw2xw=="
        },
        "node_modules/get-uv-event-loop-napi-h": {
            "version": "1.0.6",
            "resolved": "https://registry.npmjs.org/get-uv-event-loop-napi-h/-/get-uv-event-loop-napi-h-1.0.6.tgz",
            "integrity": "sha512-t5c9VNR84nRoF+eLiz6wFrEp1SE2Acg0wS+Ysa2zF0eROes+LzOfuTaVHxGy8AbS8rq7FHEJzjnCZo1BupwdJg==",
            "dependencies": {
                "get-symbol-from-current-process-h": "^1.0.1"
            }
        },
        "node_modules/node-addon-api": {
            "version": "3.2.1",
            "resolved": "https://registry.npmjs.org/node-addon-api/-/node-addon-api-3.2.1.tgz",
            "integrity": "sha512-mmcei9JghVNDYydghQmeDX8KoAm0FAiYyIcUt/N4nhyAipB17pllZQDOJD2fotxABnt4Mdz+dKTO7eftLg4d0A=="
        },
        "node_modules/node-gyp-build": {
            "version": "4.3.0",
            "resolved": "https://registry.npmjs.org/node-gyp-build/-/node-gyp-build-4.3.0.tgz",
            "integrity": "sha512-iWjXZvmboq0ja1pUGULQBexmxq8CV4xBhX7VDOTbL7ZR4FOowwY/VOtRxBN/yKxmdGoIp4j5ysNT4u3S2pDQ3Q==",
            "bin": {
                "node-gyp-build": "bin.js",
                "node-gyp-build-optional": "optional.js",
                "node-gyp-build-test": "build-test.js"
            }
        },
        "node_modules/setimmediate-napi": {
            "version": "1.0.6",
            "resolved": "https://registry.npmjs.org/setimmediate-napi/-/setimmediate-napi-1.0.6.tgz",
            "integrity": "sha512-sdNXN15Av1jPXuSal4Mk4tEAKn0+8lfF9Z50/negaQMrAIO9c1qM0eiCh8fT6gctp0RiCObk+6/Xfn5RMGdZoA==",
            "dependencies": {
                "get-symbol-from-current-process-h": "^1.0.1",
                "get-uv-event-loop-napi-h": "^1.0.5"
            }
        },
        "node_modules/weak-napi": {
            "version": "2.0.2",
            "resolved": "https://registry.npmjs.org/weak-napi/-/weak-napi-2.0.2.tgz",
            "integrity": "sha512-LcOSVFrghtVXf4QH+DLIy8iPiCktV7lVbqRDYP+bDPpLzC41RCHQPMyQOnPpWO41Ie4CmnDxS+mbL72r5xFMMQ==",
            "hasInstallScript": true,
            "dependencies": {
                "node-addon-api": "^3.0.0",
                "node-gyp-build": "^4.2.1",
                "setimmediate-napi": "^1.0.3"
            }
        }
    },
    "dependencies": {
        "get-symbol-from-current-process-h": {
            "version": "1.0.2",
            "resolved": "https://registry.npmjs.org/get-symbol-from-current-process-h/-/get-symbol-from-current-process-h-1.0.2.tgz",
            "integrity": "sha512-syloC6fsCt62ELLrr1VKBM1ggOpMdetX9hTrdW77UQdcApPHLmf7CI7OKcN1c9kYuNxKcDe4iJ4FY9sX3aw2xw=="
        },
        "get-uv-event-loop-napi-h": {
            "version": "1.0.6",
            "resolved": "https://registry.npmjs.org/get-uv-event-loop-napi-h/-/get-uv-event-loop-napi-h-1.0.6.tgz",
            "integrity": "sha512-t5c9VNR84nRoF+eLiz6wFrEp1SE2Acg0wS+Ysa2zF0eROes+LzOfuTaVHxGy8AbS8rq7FHEJzjnCZo1BupwdJg==",
            "requires": {
                "get-symbol-from-current-process-h": "^1.0.1"
            }
        },
        "node-addon-api": {
            "version": "3.2.1",
            "resolved": "https://registry.npmjs.org/node-addon-api/-/node-addon-api-3.2.1.tgz",
            "integrity": "sha512-mmcei9JghVNDYydghQmeDX8KoAm0FAiYyIcUt/N4nhyAipB17pllZQDOJD2fotxABnt4Mdz+dKTO7eftLg4d0A=="
        },
        "node-gyp-build": {
            "version": "4.3.0",
            "resolved": "https://registry.npmjs.org/node-gyp-build/-/node-gyp-build-4.3.0.tgz",
            "integrity": "sha512-iWjXZvmboq0ja1pUGULQBexmxq8CV4xBhX7VDOTbL7ZR4FOowwY/VOtRxBN/yKxmdGoIp4j5ysNT4u3S2pDQ3Q=="
        },
        "setimmediate-napi": {
            "version": "1.0.6",
            "resolved": "https://registry.npmjs.org/setimmediate-napi/-/setimmediate-napi-1.0.6.tgz",
            "integrity": "sha512-sdNXN15Av1jPXuSal4Mk4tEAKn0+8lfF9Z50/negaQMrAIO9c1qM0eiCh8fT6gctp0RiCObk+6/Xfn5RMGdZoA==",
            "requires": {
                "get-symbol-from-current-process-h": "^1.0.1",
                "get-uv-event-loop-napi-h": "^1.0.5"
            }
        },
        "weak-napi": {
            "version": "2.0.2",
            "resolved": "https://registry.npmjs.org/weak-napi/-/weak-napi-2.0.2.tgz",
            "integrity": "sha512-LcOSVFrghtVXf4QH+DLIy8iPiCktV7lVbqRDYP+bDPpLzC41RCHQPMyQOnPpWO41Ie4CmnDxS+mbL72r5xFMMQ==",
            "requires": {
                "node-addon-api": "^3.0.0",
                "node-gyp-build": "^4.2.1",
                "setimmediate-napi": "^1.0.3"
            }
        }
    }
}
